
Microsoft Visual Studio Solution File, Format Version 12.00
# Visual Studio Version 16
VisualStudioVersion = 16.0.29123.88
MinimumVisualStudioVersion = 10.0.40219.1
Project("{9A19103F-16F7-4668-BE54-9A1E7A4F7556}") = "Type", "Type\Type.csproj", "{8B2BF6E5-EF4F-4EF1-BFE6-F4A01FBA878E}"
	ProjectSection(ProjectDependencies) = postProject
		{5D4C14EA-C1D6-4416-814F-5AEBEF77A8EC} = {5D4C14EA-C1D6-4416-814F-5AEBEF77A8EC}
	EndProjectSection
EndProject
Project("{9A19103F-16F7-4668-BE54-9A1E7A4F7556}") = "SyncDeadLock", "SyncDeadLock\SyncDeadLock.csproj", "{D7EBC90E-138C-44B0-95BC-E224F22BC508}"
EndProject
Project("{9A19103F-16F7-4668-BE54-9A1E7A4F7556}") = "CoreFirst", "CoreFirst\CoreFirst.csproj", "{5D4C14EA-C1D6-4416-814F-5AEBEF77A8EC}"
EndProject
Project("{9A19103F-16F7-4668-BE54-9A1E7A4F7556}") = "CoreWeb", "CoreWeb\CoreWeb.csproj", "{9A44ABE5-FF0C-4C89-8A72-6061F01B849A}"
EndProject
Project("{FAE04EC0-301F-11D3-BF4B-00C04F79EFBC}") = "Test", "Test\Test.csproj", "{C8CAB582-5FF9-47FF-9209-98150CE85DBA}"
EndProject
Global
	GlobalSection(SolutionConfigurationPlatforms) = preSolution
		Debug|Any CPU = Debug|Any CPU
		Release|Any CPU = Release|Any CPU
	EndGlobalSection
	GlobalSection(ProjectConfigurationPlatforms) = postSolution
		{8B2BF6E5-EF4F-4EF1-BFE6-F4A01FBA878E}.Debug|Any CPU.ActiveCfg = Debug|Any CPU
		{8B2BF6E5-EF4F-4EF1-BFE6-F4A01FBA878E}.Debug|Any CPU.Build.0 = Debug|Any CPU
		{8B2BF6E5-EF4F-4EF1-BFE6-F4A01FBA878E}.Release|Any CPU.ActiveCfg = Release|Any CPU
		{8B2BF6E5-EF4F-4EF1-BFE6-F4A01FBA878E}.Release|Any CPU.Build.0 = Release|Any CPU
		{D7EBC90E-138C-44B0-95BC-E224F22BC508}.Debug|Any CPU.ActiveCfg = Debug|Any CPU
		{D7EBC90E-138C-44B0-95BC-E224F22BC508}.Debug|Any CPU.Build.0 = Debug|Any CPU
		{D7EBC90E-138C-44B0-95BC-E224F22BC508}.Release|Any CPU.ActiveCfg = Release|Any CPU
		{D7EBC90E-138C-44B0-95BC-E224F22BC508}.Release|Any CPU.Build.0 = Release|Any CPU
		{5D4C14EA-C1D6-4416-814F-5AEBEF77A8EC}.Debug|Any CPU.ActiveCfg = Debug|Any CPU
		{5D4C14EA-C1D6-4416-814F-5AEBEF77A8EC}.Debug|Any CPU.Build.0 = Debug|Any CPU
		{5D4C14EA-C1D6-4416-814F-5AEBEF77A8EC}.Release|Any CPU.ActiveCfg = Release|Any CPU
		{5D4C14EA-C1D6-4416-814F-5AEBEF77A8EC}.Release|Any CPU.Build.0 = Release|Any CPU
		{9A44ABE5-FF0C-4C89-8A72-6061F01B849A}.Debug|Any CPU.ActiveCfg = Debug|Any CPU
		{9A44ABE5-FF0C-4C89-8A72-6061F01B849A}.Debug|Any CPU.Build.0 = Debug|Any CPU
		{9A44ABE5-FF0C-4C89-8A72-6061F01B849A}.Release|Any CPU.ActiveCfg = Release|Any CPU
		{9A44ABE5-FF0C-4C89-8A72-6061F01B849A}.Release|Any CPU.Build.0 = Release|Any CPU
		{C8CAB582-5FF9-47FF-9209-98150CE85DBA}.Debug|Any CPU.ActiveCfg = Debug|Any CPU
		{C8CAB582-5FF9-47FF-9209-98150CE85DBA}.Debug|Any CPU.Build.0 = Debug|Any CPU
		{C8CAB582-5FF9-47FF-9209-98150CE85DBA}.Release|Any CPU.ActiveCfg = Release|Any CPU
		{C8CAB582-5FF9-47FF-9209-98150CE85DBA}.Release|Any CPU.Build.0 = Release|Any CPU
	EndGlobalSection
	GlobalSection(SolutionProperties) = preSolution
		HideSolutionNode = FALSE
	EndGlobalSection
	GlobalSection(ExtensibilityGlobals) = postSolution
		SolutionGuid = {996D34FA-F73E-4C4A-B021-851F62F7D99E}
	EndGlobalSection
EndGlobal
